// !$*UTF8*$!
{
	archiveVersion = 1;
	classes = {
	};
	objectVersion = 46;
	objects = {

/* Begin PBXBuildFile section */
		AD543D031A72ACC0009163D9 /* HEMAppDelegate.m in Sources */ = {isa = PBXBuildFile; fileRef = AD543CF81A72ACC0009163D9 /* HEMAppDelegate.m */; };
		AD543D051A72ACC0009163D9 /* main.m in Sources */ = {isa = PBXBuildFile; fileRef = AD543CFC1A72ACC0009163D9 /* main.m */; };
		AD543D061A72ACC0009163D9 /* LaunchScreen.xib in Resources */ = {isa = PBXBuildFile; fileRef = AD543CFE1A72ACC0009163D9 /* LaunchScreen.xib */; };
		AD543D071A72ACC0009163D9 /* Main.storyboard in Resources */ = {isa = PBXBuildFile; fileRef = AD543D001A72ACC0009163D9 /* Main.storyboard */; };
		AD543D081A72ACC0009163D9 /* Images.xcassets in Resources */ = {isa = PBXBuildFile; fileRef = AD543D021A72ACC0009163D9 /* Images.xcassets */; };
		AD543D0B1A72AEF0009163D9 /* HEMGraphsVC.m in Sources */ = {isa = PBXBuildFile; fileRef = AD543D0A1A72AEF0009163D9 /* HEMGraphsVC.m */; };
		AD543D111A72AF17009163D9 /* HEMGraphPlot.m in Sources */ = {isa = PBXBuildFile; fileRef = AD543D0E1A72AF17009163D9 /* HEMGraphPlot.m */; };
		AD543D121A72AF17009163D9 /* HEMGraphView.m in Sources */ = {isa = PBXBuildFile; fileRef = AD543D101A72AF17009163D9 /* HEMGraphView.m */; };
/* End PBXBuildFile section */

/* Begin PBXFileReference section */
		AD543CCD1A72AC79009163D9 /* HEMGraphView-Sample.app */ = {isa = PBXFileReference; explicitFileType = wrapper.application; includeInIndex = 0; path = "HEMGraphView-Sample.app"; sourceTree = BUILT_PRODUCTS_DIR; };
		AD543CF71A72ACC0009163D9 /* HEMAppDelegate.h */ = {isa = PBXFileReference; fileEncoding = 4; lastKnownFileType = sourcecode.c.h; path = HEMAppDelegate.h; sourceTree = "<group>"; };
		AD543CF81A72ACC0009163D9 /* HEMAppDelegate.m */ = {isa = PBXFileReference; fileEncoding = 4; lastKnownFileType = sourcecode.c.objc; path = HEMAppDelegate.m; sourceTree = "<group>"; };
		AD543CFB1A72ACC0009163D9 /* Info.plist */ = {isa = PBXFileReference; fileEncoding = 4; lastKnownFileType = text.plist.xml; path = Info.plist; sourceTree = "<group>"; };
		AD543CFC1A72ACC0009163D9 /* main.m */ = {isa = PBXFileReference; fileEncoding = 4; lastKnownFileType = sourcecode.c.objc; path = main.m; sourceTree = "<group>"; };
		AD543CFF1A72ACC0009163D9 /* Base */ = {isa = PBXFileReference; lastKnownFileType = file.xib; name = Base; path = Base.lproj/LaunchScreen.xib; sourceTree = "<group>"; };
		AD543D011A72ACC0009163D9 /* Base */ = {isa = PBXFileReference; lastKnownFileType = file.storyboard; name = Base; path = Base.lproj/Main.storyboard; sourceTree = "<group>"; };
		AD543D021A72ACC0009163D9 /* Images.xcassets */ = {isa = PBXFileReference; lastKnownFileType = folder.assetcatalog; path = Images.xcassets; sourceTree = "<group>"; };
		AD543D091A72AEF0009163D9 /* HEMGraphsVC.h */ = {isa = PBXFileReference; fileEncoding = 4; lastKnownFileType = sourcecode.c.h; path = HEMGraphsVC.h; sourceTree = "<group>"; };
		AD543D0A1A72AEF0009163D9 /* HEMGraphsVC.m */ = {isa = PBXFileReference; fileEncoding = 4; lastKnownFileType = sourcecode.c.objc; path = HEMGraphsVC.m; sourceTree = "<group>"; };
		AD543D0D1A72AF17009163D9 /* HEMGraphPlot.h */ = {isa = PBXFileReference; fileEncoding = 4; lastKnownFileType = sourcecode.c.h; path = HEMGraphPlot.h; sourceTree = "<group>"; };
		AD543D0E1A72AF17009163D9 /* HEMGraphPlot.m */ = {isa = PBXFileReference; fileEncoding = 4; lastKnownFileType = sourcecode.c.objc; path = HEMGraphPlot.m; sourceTree = "<group>"; };
		AD543D0F1A72AF17009163D9 /* HEMGraphView.h */ = {isa = PBXFileReference; fileEncoding = 4; lastKnownFileType = sourcecode.c.h; path = HEMGraphView.h; sourceTree = "<group>"; };
		AD543D101A72AF17009163D9 /* HEMGraphView.m */ = {isa = PBXFileReference; fileEncoding = 4; lastKnownFileType = sourcecode.c.objc; path = HEMGraphView.m; sourceTree = "<group>"; };
/* End PBXFileReference section */

/* Begin PBXFrameworksBuildPhase section */
		AD543CCA1A72AC79009163D9 /* Frameworks */ = {
			isa = PBXFrameworksBuildPhase;
			buildActionMask = 2147483647;
			files = (
			);
			runOnlyForDeploymentPostprocessing = 0;
		};
/* End PBXFrameworksBuildPhase section */

/* Begin PBXGroup section */
		AD543CC41A72AC79009163D9 = {
			isa = PBXGroup;
			children = (
				AD543CCF1A72AC79009163D9 /* HEMGraphView-Sample */,
				AD543CCE1A72AC79009163D9 /* Products */,
			);
			sourceTree = "<group>";
		};
		AD543CCE1A72AC79009163D9 /* Products */ = {
			isa = PBXGroup;
			children = (
				AD543CCD1A72AC79009163D9 /* HEMGraphView-Sample.app */,
			);
			name = Products;
			sourceTree = "<group>";
		};
		AD543CCF1A72AC79009163D9 /* HEMGraphView-Sample */ = {
			isa = PBXGroup;
			children = (
				AD543CF91A72ACC0009163D9 /* Controller */,
				AD543CF61A72ACC0009163D9 /* AppDelegate */,
				AD543CFA1A72ACC0009163D9 /* Supporting Files */,
				AD543CFD1A72ACC0009163D9 /* UI */,
				AD543D131A72AF22009163D9 /* Util */,
			);
			path = "HEMGraphView-Sample";
			sourceTree = "<group>";
		};
		AD543CF61A72ACC0009163D9 /* AppDelegate */ = {
			isa = PBXGroup;
			children = (
				AD543CF71A72ACC0009163D9 /* HEMAppDelegate.h */,
				AD543CF81A72ACC0009163D9 /* HEMAppDelegate.m */,
			);
			path = AppDelegate;
			sourceTree = "<group>";
		};
		AD543CF91A72ACC0009163D9 /* Controller */ = {
			isa = PBXGroup;
			children = (
				AD543D091A72AEF0009163D9 /* HEMGraphsVC.h */,
				AD543D0A1A72AEF0009163D9 /* HEMGraphsVC.m */,
			);
			path = Controller;
			sourceTree = "<group>";
		};
		AD543CFA1A72ACC0009163D9 /* Supporting Files */ = {
			isa = PBXGroup;
			children = (
				AD543CFB1A72ACC0009163D9 /* Info.plist */,
				AD543CFC1A72ACC0009163D9 /* main.m */,
			);
			path = "Supporting Files";
			sourceTree = "<group>";
		};
		AD543CFD1A72ACC0009163D9 /* UI */ = {
			isa = PBXGroup;
			children = (
				AD543CFE1A72ACC0009163D9 /* LaunchScreen.xib */,
				AD543D001A72ACC0009163D9 /* Main.storyboard */,
				AD543D021A72ACC0009163D9 /* Images.xcassets */,
			);
			path = UI;
			sourceTree = "<group>";
		};
		AD543D0C1A72AF17009163D9 /* HEMGraphView */ = {
			isa = PBXGroup;
			children = (
				AD543D0D1A72AF17009163D9 /* HEMGraphPlot.h */,
				AD543D0E1A72AF17009163D9 /* HEMGraphPlot.m */,
				AD543D0F1A72AF17009163D9 /* HEMGraphView.h */,
				AD543D101A72AF17009163D9 /* HEMGraphView.m */,
			);
			name = HEMGraphView;
			path = ../../../HEMGraphView;
			sourceTree = "<group>";
		};
		AD543D131A72AF22009163D9 /* Util */ = {
			isa = PBXGroup;
			children = (
				AD543D0C1A72AF17009163D9 /* HEMGraphView */,
			);
			name = Util;
			sourceTree = "<group>";
		};
/* End PBXGroup section */

/* Begin PBXNativeTarget section */
		AD543CCC1A72AC79009163D9 /* HEMGraphView-Sample */ = {
			isa = PBXNativeTarget;
			buildConfigurationList = AD543CF01A72AC79009163D9 /* Build configuration list for PBXNativeTarget "HEMGraphView-Sample" */;
			buildPhases = (
				AD543CC91A72AC79009163D9 /* Sources */,
				AD543CCA1A72AC79009163D9 /* Frameworks */,
				AD543CCB1A72AC79009163D9 /* Resources */,
			);
			buildRules = (
			);
			dependencies = (
			);
			name = "HEMGraphView-Sample";
			productName = "HEMGraphView-Sample";
			productReference = AD543CCD1A72AC79009163D9 /* HEMGraphView-Sample.app */;
			productType = "com.apple.product-type.application";
		};
/* End PBXNativeTarget section */

/* Begin PBXProject section */
		AD543CC51A72AC79009163D9 /* Project object */ = {
			isa = PBXProject;
			attributes = {
				LastUpgradeCheck = 0610;
				ORGANIZATIONNAME = "HE:mobile";
				TargetAttributes = {
					AD543CCC1A72AC79009163D9 = {
						CreatedOnToolsVersion = 6.1.1;
					};
				};
			};
			buildConfigurationList = AD543CC81A72AC79009163D9 /* Build configuration list for PBXProject "HEMGraphView-Sample" */;
			compatibilityVersion = "Xcode 3.2";
			developmentRegion = English;
			hasScannedForEncodings = 0;
			knownRegions = (
				en,
				Base,
			);
			mainGroup = AD543CC41A72AC79009163D9;
			productRefGroup = AD543CCE1A72AC79009163D9 /* Products */;
			projectDirPath = "";
			projectRoot = "";
			targets = (
				AD543CCC1A72AC79009163D9 /* HEMGraphView-Sample */,
			);
		};
/* End PBXProject section */

/* Begin PBXResourcesBuildPhase section */
		AD543CCB1A72AC79009163D9 /* Resources */ = {
			isa = PBXResourcesBuildPhase;
			buildActionMask = 2147483647;
			files = (
				AD543D071A72ACC0009163D9 /* Main.storyboard in Resources */,
				AD543D081A72ACC0009163D9 /* Images.xcassets in Resources */,
				AD543D061A72ACC0009163D9 /* LaunchScreen.xib in Resources */,
			);
			runOnlyForDeploymentPostprocessing = 0;
		};
/* End PBXResourcesBuildPhase section */

/* Begin PBXSourcesBuildPhase section */
		AD543CC91A72AC79009163D9 /* Sources */ = {
			isa = PBXSourcesBuildPhase;
			buildActionMask = 2147483647;
			files = (
				AD543D111A72AF17009163D9 /* HEMGraphPlot.m in Sources */,
				AD543D0B1A72AEF0009163D9 /* HEMGraphsVC.m in Sources */,
				AD543D051A72ACC0009163D9 /* main.m in Sources */,
				AD543D031A72ACC0009163D9 /* HEMAppDelegate.m in Sources */,
				AD543D121A72AF17009163D9 /* HEMGraphView.m in Sources */,
			);
			runOnlyForDeploymentPostprocessing = 0;
		};
/* End PBXSourcesBuildPhase section */

/* Begin PBXVariantGroup section */
		AD543CFE1A72ACC0009163D9 /* LaunchScreen.xib */ = {
			isa = PBXVariantGroup;
			children = (
				AD543CFF1A72ACC0009163D9 /* Base */,
			);
			name = LaunchScreen.xib;
			sourceTree = "<group>";
		};
		AD543D001A72ACC0009163D9 /* Main.storyboard */ = {
			isa = PBXVariantGroup;
			children = (
				AD543D011A72ACC0009163D9 /* Base */,
			);
			name = Main.storyboard;
			sourceTree = "<group>";
		};
/* End PBXVariantGroup section */

/* Begin XCBuildConfiguration section */
		AD543CEE1A72AC79009163D9 /* Debug */ = {
			isa = XCBuildConfiguration;
			buildSettings = {
				ALWAYS_SEARCH_USER_PATHS = NO;
				CLANG_CXX_LANGUAGE_STANDARD = "gnu++0x";
				CLANG_CXX_LIBRARY = "libc++";
				CLANG_ENABLE_MODULES = YES;
				CLANG_ENABLE_OBJC_ARC = YES;
				CLANG_WARN_BOOL_CONVERSION = YES;
				CLANG_WARN_CONSTANT_CONVERSION = YES;
				CLANG_WARN_DIRECT_OBJC_ISA_USAGE = YES_ERROR;
				CLANG_WARN_EMPTY_BODY = YES;
				CLANG_WARN_ENUM_CONVERSION = YES;
				CLANG_WARN_INT_CONVERSION = YES;
				CLANG_WARN_OBJC_ROOT_CLASS = YES_ERROR;
				CLANG_WARN_UNREACHABLE_CODE = YES;
				CLANG_WARN__DUPLICATE_METHOD_MATCH = YES;
				"CODE_SIGN_IDENTITY[sdk=iphoneos*]" = "iPhone Developer";
				COPY_PHASE_STRIP = NO;
				ENABLE_STRICT_OBJC_MSGSEND = YES;
				GCC_C_LANGUAGE_STANDARD = gnu99;
				GCC_DYNAMIC_NO_PIC = NO;
				GCC_OPTIMIZATION_LEVEL = 0;
				GCC_PREPROCESSOR_DEFINITIONS = (
					"DEBUG=1",
					"$(inherited)",
				);
				GCC_SYMBOLS_PRIVATE_EXTERN = NO;
				GCC_WARN_64_TO_32_BIT_CONVERSION = YES;
				GCC_WARN_ABOUT_RETURN_TYPE = YES_ERROR;
				GCC_WARN_UNDECLARED_SELECTOR = YES;
				GCC_WARN_UNINITIALIZED_AUTOS = YES_AGGRESSIVE;
				GCC_WARN_UNUSED_FUNCTION = YES;
				GCC_WARN_UNUSED_VARIABLE = YES;
				IPHONEOS_DEPLOYMENT_TARGET = 8.1;
				MTL_ENABLE_DEBUG_INFO = YES;
				ONLY_ACTIVE_ARCH = YES;
				SDKROOT = iphoneos;
			};
			name = Debug;
		};
		AD543CEF1A72AC79009163D9 /* Release */ = {
			isa = XCBuildConfiguration;
			buildSettings = {
				ALWAYS_SEARCH_USER_PATHS = NO;
				CLANG_CXX_LANGUAGE_STANDARD = "gnu++0x";
				CLANG_CXX_LIBRARY = "libc++";
				CLANG_ENABLE_MODULES = YES;
				CLANG_ENABLE_OBJC_ARC = YES;
				CLANG_WARN_BOOL_CONVERSION = YES;
				CLANG_WARN_CONSTANT_CONVERSION = YES;
				CLANG_WARN_DIRECT_OBJC_ISA_USAGE = YES_ERROR;
				CLANG_WARN_EMPTY_BODY = YES;
				CLANG_WARN_ENUM_CONVERSION = YES;
				CLANG_WARN_INT_CONVERSION = YES;
				CLANG_WARN_OBJC_ROOT_CLASS = YES_ERROR;
				CLANG_WARN_UNREACHABLE_CODE = YES;
				CLANG_WARN__DUPLICATE_METHOD_MATCH = YES;
				"CODE_SIGN_IDENTITY[sdk=iphoneos*]" = "iPhone Developer";
				COPY_PHASE_STRIP = YES;
				ENABLE_NS_ASSERTIONS = NO;
				ENABLE_STRICT_OBJC_MSGSEND = YES;
				GCC_C_LANGUAGE_STANDARD = gnu99;
				GCC_WARN_64_TO_32_BIT_CONVERSION = YES;
				GCC_WARN_ABOUT_RETURN_TYPE = YES_ERROR;
				GCC_WARN_UNDECLARED_SELECTOR = YES;
				GCC_WARN_UNINITIALIZED_AUTOS = YES_AGGRESSIVE;
				GCC_WARN_UNUSED_FUNCTION = YES;
				GCC_WARN_UNUSED_VARIABLE = YES;
				IPHONEOS_DEPLOYMENT_TARGET = 8.1;
				MTL_ENABLE_DEBUG_INFO = NO;
				SDKROOT = iphoneos;
				VALIDATE_PRODUCT = YES;
			};
			name = Release;
		};
		AD543CF11A72AC79009163D9 /* Debug */ = {
			isa = XCBuildConfiguration;
			buildSettings = {
				ASSETCATALOG_COMPILER_APPICON_NAME = AppIcon;
				INFOPLIST_FILE = "$(SRCROOT)/HEMGraphView-Sample/Supporting Files/Info.plist";
				LD_RUNPATH_SEARCH_PATHS = "$(inherited) @executable_path/Frameworks";
				PRODUCT_NAME = "$(TARGET_NAME)";
			};
			name = Debug;
		};
		AD543CF21A72AC79009163D9 /* Release */ = {
			isa = XCBuildConfiguration;
			buildSettings = {
				ASSETCATALOG_COMPILER_APPICON_NAME = AppIcon;
				INFOPLIST_FILE = "$(SRCROOT)/HEMGraphView-Sample/Supporting Files/Info.plist";
				LD_RUNPATH_SEARCH_PATHS = "$(inherited) @executable_path/Frameworks";
				PRODUCT_NAME = "$(TARGET_NAME)";
			};
			name = Release;
		};
/* End XCBuildConfiguration section */

/* Begin XCConfigurationList section */
		AD543CC81A72AC79009163D9 /* Build configuration list for PBXProject "HEMGraphView-Sample" */ = {
			isa = XCConfigurationList;
			buildConfigurations = (
				AD543CEE1A72AC79009163D9 /* Debug */,
				AD543CEF1A72AC79009163D9 /* Release */,
			);
			defaultConfigurationIsVisible = 0;
			defaultConfigurationName = Release;
		};
		AD543CF01A72AC79009163D9 /* Build configuration list for PBXNativeTarget "HEMGraphView-Sample" */ = {
			isa = XCConfigurationList;
			buildConfigurations = (
				AD543CF11A72AC79009163D9 /* Debug */,
				AD543CF21A72AC79009163D9 /* Release */,
			);
			defaultConfigurationIsVisible = 0;
		};
/* End XCConfigurationList section */
	};
	rootObject = AD543CC51A72AC79009163D9 /* Project object */;
}
